# This file is automatically @generated by Cargo.
# It is not intended for manual editing.
version = 3

[[package]]
name = "base64"
version = "0.11.0"
source = "registry+https://github.com/rust-lang/crates.io-index"
checksum = "b41b7ea54a0c9d92199de89e20e58d49f02f8e699814ef3fdf266f6f748d15c7"

[[package]]
name = "base64"
version = "0.12.3"
source = "registry+https://github.com/rust-lang/crates.io-index"
checksum = "3441f0f7b02788e948e47f457ca01f1d7e6d92c693bc132c22b087d3141c03ff"

[[package]]
name = "bech32"
version = "0.8.1"
source = "registry+https://github.com/rust-lang/crates.io-index"
checksum = "cf9ff0bbfd639f15c74af777d81383cf53efb7c93613f6cab67c6c11e05bbf8b"

[[package]]
name = "bincode2"
version = "2.0.1"
source = "registry+https://github.com/rust-lang/crates.io-index"
checksum = "f49f6183038e081170ebbbadee6678966c7d54728938a3e7de7f4e780770318f"
dependencies = [
 "byteorder",
 "serde",
]

[[package]]
name = "block-buffer"
version = "0.9.0"
source = "registry+https://github.com/rust-lang/crates.io-index"
checksum = "4152116fd6e9dadb291ae18fc1ec3575ed6d84c29642d97890f4b4a3417297e4"
dependencies = [
 "generic-array",
]

[[package]]
name = "byteorder"
version = "1.4.3"
source = "registry+https://github.com/rust-lang/crates.io-index"
checksum = "14c189c53d098945499cdfa7ecc63567cf3886b3332b312a5b4585d8d3a6a610"

[[package]]
name = "cfg-if"
version = "1.0.0"
source = "registry+https://github.com/rust-lang/crates.io-index"
checksum = "baf1de4339761588bc0619e3cbc0120ee582ebb74b53b4efbf79117bd2da40fd"

[[package]]
name = "cosmwasm-schema"
version = "0.9.4"
source = "registry+https://github.com/rust-lang/crates.io-index"
checksum = "b84abfcb5e4909c1f7cf0278a8b506644fa59452933e8c47c8787691afbb5374"
dependencies = [
 "schemars",
 "serde_json",
]

[[package]]
name = "cosmwasm-schema"
version = "0.10.1"
source = "registry+https://github.com/rust-lang/crates.io-index"
checksum = "2196586ea197eaa21129d09c84a19e2eb80bdce239eec8e6a4f108cb644c295f"
dependencies = [
 "schemars",
 "serde_json",
]

[[package]]
name = "cpufeatures"
version = "0.2.3"
source = "registry+https://github.com/rust-lang/crates.io-index"
checksum = "1079fb8528d9f9c888b1e8aa651e6e079ade467323d58f75faf1d30b1808f540"
dependencies = [
 "libc",
]

[[package]]
name = "digest"
version = "0.9.0"
source = "registry+https://github.com/rust-lang/crates.io-index"
checksum = "d3dd60d1080a57a05ab032377049e0591415d2b31afd7028356dbf3cc6dcb066"
dependencies = [
 "generic-array",
]

[[package]]
name = "doc-comment"
version = "0.3.3"
source = "registry+https://github.com/rust-lang/crates.io-index"
checksum = "fea41bba32d969b513997752735605054bc0dfa92b4c56bf1189f2e174be7a10"

[[package]]
name = "generic-array"
version = "0.14.6"
source = "registry+https://github.com/rust-lang/crates.io-index"
checksum = "bff49e947297f3312447abdca79f45f4738097cc82b06e72054d2223f601f1b9"
dependencies = [
 "typenum",
 "version_check",
]

[[package]]
name = "hex"
version = "0.4.3"
source = "registry+https://github.com/rust-lang/crates.io-index"
checksum = "7f24254aa9a54b5c858eaee2f5bccdb46aaf0e486a595ed5fd8f86ba55232a70"

[[package]]
name = "itoa"
version = "1.0.3"
source = "registry+https://github.com/rust-lang/crates.io-index"
checksum = "6c8af84674fe1f223a982c933a0ee1086ac4d4052aa0fb8060c12c6ad838e754"

[[package]]
name = "libc"
version = "0.2.132"
source = "registry+https://github.com/rust-lang/crates.io-index"
checksum = "8371e4e5341c3a96db127eb2465ac681ced4c433e01dd0e938adbef26ba93ba5"

[[package]]
name = "opaque-debug"
version = "0.3.0"
source = "registry+https://github.com/rust-lang/crates.io-index"
checksum = "624a8340c38c1b80fd549087862da4ba43e08858af025b236e509b6649fc13d5"

[[package]]
name = "ppv-lite86"
version = "0.2.16"
source = "registry+https://github.com/rust-lang/crates.io-index"
checksum = "eb9f9e6e233e5c4a35559a617bf40a4ec447db2e84c20b55a6f83167b7e57872"

[[package]]
name = "proc-macro2"
version = "1.0.43"
source = "registry+https://github.com/rust-lang/crates.io-index"
checksum = "0a2ca2c61bc9f3d74d2886294ab7b9853abd9c1ad903a3ac7815c58989bb7bab"
dependencies = [
 "unicode-ident",
]

[[package]]
name = "quote"
version = "1.0.21"
source = "registry+https://github.com/rust-lang/crates.io-index"
checksum = "bbe448f377a7d6961e30f5955f9b8d106c3f5e449d493ee1b125c1d43c2b5179"
dependencies = [
 "proc-macro2",
]

[[package]]
name = "rand_chacha"
version = "0.2.2"
source = "registry+https://github.com/rust-lang/crates.io-index"
checksum = "f4c8ed856279c9737206bf725bf36935d8666ead7aa69b52be55af369d193402"
dependencies = [
 "ppv-lite86",
 "rand_core",
]

[[package]]
name = "rand_core"
version = "0.5.1"
source = "registry+https://github.com/rust-lang/crates.io-index"
checksum = "90bde5296fc891b0cef12a6d03ddccc162ce7b2aff54160af9338f8d40df6d19"

[[package]]
name = "remain"
version = "0.2.4"
source = "registry+https://github.com/rust-lang/crates.io-index"
checksum = "06df529c0d271b27ac4a2c260f5ce2914b60bd44702cecec7b9f271adbdde23b"
dependencies = [
 "proc-macro2",
 "quote",
 "syn",
]

[[package]]
name = "ripemd160"
version = "0.9.1"
source = "registry+https://github.com/rust-lang/crates.io-index"
checksum = "2eca4ecc81b7f313189bf73ce724400a07da2a6dac19588b03c8bd76a2dcc251"
dependencies = [
 "block-buffer",
 "digest",
 "opaque-debug",
]

[[package]]
name = "ryu"
version = "1.0.11"
source = "registry+https://github.com/rust-lang/crates.io-index"
checksum = "4501abdff3ae82a1c1b477a17252eb69cee9e66eb915c1abaa4f44d873df9f09"

[[package]]
name = "schemars"
version = "0.7.6"
source = "registry+https://github.com/rust-lang/crates.io-index"
checksum = "be77ed66abed6954aabf6a3e31a84706bedbf93750d267e92ef4a6d90bbd6a61"
dependencies = [
 "schemars_derive",
 "serde",
 "serde_json",
]

[[package]]
name = "schemars_derive"
version = "0.7.6"
source = "registry+https://github.com/rust-lang/crates.io-index"
checksum = "11af7a475c9ee266cfaa9e303a47c830ebe072bf3101ab907a7b7b9d816fa01d"
dependencies = [
 "proc-macro2",
 "quote",
 "serde_derive_internals",
 "syn",
]

[[package]]
name = "secret-cosmwasm-std"
version = "0.10.1"
source = "registry+https://github.com/rust-lang/crates.io-index"
checksum = "f5d4b8fed972d924458d9c3c0e6c9fbf6c4c5e30655571e3d2b78be056d316e9"
dependencies = [
 "base64 0.11.0",
 "schemars",
 "serde",
 "serde-json-wasm",
 "snafu",
]

[[package]]
name = "secret-cosmwasm-storage"
version = "0.10.0"
source = "registry+https://github.com/rust-lang/crates.io-index"
checksum = "ffee3243bb13c02ddcdc15458526288d36ec23422ec43681ac5d48e7325d8327"
dependencies = [
 "secret-cosmwasm-std",
 "serde",
]

[[package]]
name = "secret-toolkit"
version = "0.2.0"
source = "registry+https://github.com/rust-lang/crates.io-index"
checksum = "8ea907911beefdfa8357c39d20116d15c5f745f62087193677f7b5323851f8dc"
dependencies = [
 "secret-toolkit-serialization 0.2.0",
 "secret-toolkit-snip20 0.2.0",
 "secret-toolkit-snip721 0.2.0",
 "secret-toolkit-storage 0.2.0",
 "secret-toolkit-utils 0.2.0",
]

[[package]]
name = "secret-toolkit"
version = "0.3.0"
source = "registry+https://github.com/rust-lang/crates.io-index"
checksum = "9a117a6fadadd1d2692df73f19fc3319ec4db59c76f364ce1e1a0f3bd0bbead8"
dependencies = [
 "secret-toolkit-crypto",
 "secret-toolkit-permit",
 "secret-toolkit-serialization 0.3.0",
 "secret-toolkit-snip20 0.3.0",
 "secret-toolkit-snip721 0.3.0",
 "secret-toolkit-storage 0.3.0",
 "secret-toolkit-utils 0.3.1",
]

[[package]]
name = "secret-toolkit-crypto"
version = "0.3.0"
source = "registry+https://github.com/rust-lang/crates.io-index"
checksum = "020d3ef7f595e37fed1684d3f97b546a412138da88ea26f2e50e5309f2a0c2be"
dependencies = [
 "secret-cosmwasm-std",
 "sha2",
]

[[package]]
name = "secret-toolkit-permit"
version = "0.3.1"
source = "registry+https://github.com/rust-lang/crates.io-index"
checksum = "eee202f480f09638c53d6ae06ac7de0ae5c85357b3318cd9f202d0d5873197ee"
dependencies = [
 "bech32",
 "remain",
 "ripemd160",
 "schemars",
 "secret-cosmwasm-std",
 "secret-toolkit-crypto",
 "serde",
]

[[package]]
name = "secret-toolkit-serialization"
version = "0.2.0"
source = "registry+https://github.com/rust-lang/crates.io-index"
checksum = "22e051158ff36369c7d6bb107df93827d42c3fb283e34f2305c100ec9c12c4fb"
dependencies = [
 "bincode2",
 "schemars",
 "secret-cosmwasm-std",
 "serde",
]

[[package]]
name = "secret-toolkit-serialization"
version = "0.3.0"
source = "registry+https://github.com/rust-lang/crates.io-index"
checksum = "46dbe2e79d6f912a87895e3c83cfda65470f05f7927ab58e398d1e67fb1f4f6a"
dependencies = [
 "bincode2",
 "schemars",
 "secret-cosmwasm-std",
 "serde",
]

[[package]]
name = "secret-toolkit-snip20"
version = "0.2.0"
source = "registry+https://github.com/rust-lang/crates.io-index"
checksum = "2c111abe86e9ca5e0826ecf34a8a3941c0f55fa784b925604db0525627f75353"
dependencies = [
 "schemars",
 "secret-cosmwasm-std",
 "secret-toolkit-utils 0.2.0",
 "serde",
]

[[package]]
name = "secret-toolkit-snip20"
version = "0.3.0"
source = "registry+https://github.com/rust-lang/crates.io-index"
checksum = "9f3f125ba8f44970075d3d6246d715296a223fd055895e136c63f490a4adc472"
dependencies = [
 "schemars",
 "secret-cosmwasm-std",
 "secret-toolkit-utils 0.3.1",
 "serde",
]

[[package]]
name = "secret-toolkit-snip721"
version = "0.2.0"
source = "registry+https://github.com/rust-lang/crates.io-index"
checksum = "8193e1576aa8c95a165ff2cd8bee50220beddd01800ea97ee701b25fb88e6213"
dependencies = [
 "schemars",
 "secret-cosmwasm-std",
 "secret-toolkit-utils 0.2.0",
 "serde",
]

[[package]]
name = "secret-toolkit-snip721"
version = "0.3.0"
source = "registry+https://github.com/rust-lang/crates.io-index"
checksum = "1447820a01e6f908739c78448f82ddde805c8daff20329209cd6789f9f0e9f36"
dependencies = [
 "schemars",
 "secret-cosmwasm-std",
 "secret-toolkit-utils 0.3.1",
 "serde",
]

[[package]]
name = "secret-toolkit-storage"
version = "0.2.0"
source = "registry+https://github.com/rust-lang/crates.io-index"
checksum = "77901c296be19a46b8c6f9806c688e9c8d225c36b51dbabeb49c1f2618b68f65"
dependencies = [
 "secret-cosmwasm-std",
 "secret-cosmwasm-storage",
 "secret-toolkit-serialization 0.2.0",
 "serde",
]

[[package]]
name = "secret-toolkit-storage"
version = "0.3.0"
source = "registry+https://github.com/rust-lang/crates.io-index"
checksum = "fb688dc8c8b882bcca2176005e5c3344ba0229f7b200c12d06202163b0e13773"
dependencies = [
 "secret-cosmwasm-std",
 "secret-cosmwasm-storage",
 "secret-toolkit-serialization 0.3.0",
 "serde",
]

[[package]]
name = "secret-toolkit-utils"
version = "0.2.0"
source = "registry+https://github.com/rust-lang/crates.io-index"
checksum = "38fcd7c28522f7eb2e70c8911d2e91e60879d56d59258335e605df569e0039f9"
dependencies = [
 "schemars",
 "secret-cosmwasm-std",
 "serde",
]

[[package]]
name = "secret-toolkit-utils"
version = "0.3.1"
source = "registry+https://github.com/rust-lang/crates.io-index"
checksum = "31d4c330c5aaff6e9c32a0aab082c9dacbd659953b09b16a0419bd120ac32ee3"
dependencies = [
 "schemars",
 "secret-cosmwasm-std",
 "secret-cosmwasm-storage",
 "serde",
]

[[package]]
name = "serde"
version = "1.0.143"
source = "registry+https://github.com/rust-lang/crates.io-index"
checksum = "53e8e5d5b70924f74ff5c6d64d9a5acd91422117c60f48c4e07855238a254553"
dependencies = [
 "serde_derive",
]

[[package]]
name = "serde-json-wasm"
version = "0.2.3"
source = "registry+https://github.com/rust-lang/crates.io-index"
checksum = "120bad73306616e91acd7ceed522ba96032a51cffeef3cc813de7f367df71e37"
dependencies = [
 "serde",
]

[[package]]
name = "serde_derive"
version = "1.0.143"
source = "registry+https://github.com/rust-lang/crates.io-index"
checksum = "d3d8e8de557aee63c26b85b947f5e59b690d0454c753f3adeb5cd7835ab88391"
dependencies = [
 "proc-macro2",
 "quote",
 "syn",
]

[[package]]
name = "serde_derive_internals"
version = "0.25.0"
source = "registry+https://github.com/rust-lang/crates.io-index"
checksum = "1dbab34ca63057a1f15280bdf3c39f2b1eb1b54c17e98360e511637aef7418c6"
dependencies = [
 "proc-macro2",
 "quote",
 "syn",
]

[[package]]
name = "serde_json"
version = "1.0.83"
source = "registry+https://github.com/rust-lang/crates.io-index"
checksum = "38dd04e3c8279e75b31ef29dbdceebfe5ad89f4d0937213c53f7d49d01b3d5a7"
dependencies = [
 "itoa",
 "ryu",
 "serde",
]

[[package]]
name = "sha2"
version = "0.9.9"
source = "registry+https://github.com/rust-lang/crates.io-index"
checksum = "4d58a1e1bf39749807d89cf2d98ac2dfa0ff1cb3faa38fbb64dd88ac8013d800"
dependencies = [
 "block-buffer",
 "cfg-if",
 "cpufeatures",
 "digest",
 "opaque-debug",
]

[[package]]
name = "snafu"
version = "0.6.10"
source = "registry+https://github.com/rust-lang/crates.io-index"
checksum = "eab12d3c261b2308b0d80c26fffb58d17eba81a4be97890101f416b478c79ca7"
dependencies = [
 "doc-comment",
 "snafu-derive",
]

[[package]]
name = "snafu-derive"
version = "0.6.10"
source = "registry+https://github.com/rust-lang/crates.io-index"
checksum = "1508efa03c362e23817f96cde18abed596a25219a8b2c66e8db33c03543d315b"
dependencies = [
 "proc-macro2",
 "quote",
 "syn",
]

[[package]]
name = "snip-20"
version = "0.1.0"
dependencies = [
 "base64 0.12.3",
 "bincode2",
 "cosmwasm-schema 0.9.4",
 "rand_chacha",
 "rand_core",
 "schemars",
 "secret-cosmwasm-std",
 "secret-cosmwasm-storage",
 "secret-toolkit 0.3.0",
 "serde",
 "sha2",
 "snafu",
 "subtle",
]

[[package]]
name = "snip-20_vesting"
version = "1.0.0"
dependencies = [
 "bincode2",
 "cosmwasm-schema 0.10.1",
 "hex",
 "schemars",
 "secret-cosmwasm-std",
 "secret-cosmwasm-storage",
 "secret-toolkit 0.2.0",
 "serde",
 "sha2",
 "snafu",
 "thiserror",
]

[[package]]
name = "subtle"
version = "2.4.1"
source = "registry+https://github.com/rust-lang/crates.io-index"
checksum = "6bdef32e8150c2a081110b42772ffe7d7c9032b606bc226c8260fd97e0976601"

[[package]]
name = "syn"
version = "1.0.99"
source = "registry+https://github.com/rust-lang/crates.io-index"
checksum = "58dbef6ec655055e20b86b15a8cc6d439cca19b667537ac6a1369572d151ab13"
dependencies = [
 "proc-macro2",
 "quote",
 "unicode-ident",
]

[[package]]
name = "thiserror"
version = "1.0.32"
source = "registry+https://github.com/rust-lang/crates.io-index"
checksum = "f5f6586b7f764adc0231f4c79be7b920e766bb2f3e51b3661cdb263828f19994"
dependencies = [
 "thiserror-impl",
]

[[package]]
name = "thiserror-impl"
version = "1.0.32"
source = "registry+https://github.com/rust-lang/crates.io-index"
checksum = "12bafc5b54507e0149cdf1b145a5d80ab80a90bcd9275df43d4fff68460f6c21"
dependencies = [
 "proc-macro2",
 "quote",
 "syn",
]

[[package]]
name = "typenum"
version = "1.15.0"
source = "registry+https://github.com/rust-lang/crates.io-index"
checksum = "dcf81ac59edc17cc8697ff311e8f5ef2d99fcbd9817b34cec66f90b6c3dfd987"

[[package]]
name = "unicode-ident"
version = "1.0.3"
source = "registry+https://github.com/rust-lang/crates.io-index"
checksum = "c4f5b37a154999a8f3f98cc23a628d850e154479cd94decf3414696e12e31aaf"

[[package]]
name = "version_check"
version = "0.9.4"
source = "registry+https://github.com/rust-lang/crates.io-index"
checksum = "49874b5167b65d7193b8aba1567f5c7d93d001cafc34600cee003eda787e483f"
